<?xml version="1.0" encoding="utf-8"?>
<Project ToolsVersion="14.0" xmlns="http://schemas.microsoft.com/developer/msbuild/2003">
  <ItemGroup>
    <Filter Include="Data">
      <UniqueIdentifier>{9aa47d7a-956a-4ac3-a80e-1a11c7a8c71e}</UniqueIdentifier>
    </Filter>
    <Filter Include="Data\il2cpp_data\etc\mono">
      <UniqueIdentifier>{1d05569b-7392-4477-b3b3-22a93274a469}</UniqueIdentifier>
    </Filter>
    <Filter Include="Data\il2cpp_data\etc\mono\2.0">
      <UniqueIdentifier>{2c5c164e-2a97-43b5-b5c8-500c042f22f8}</UniqueIdentifier>
    </Filter>
    <Filter Include="Data\il2cpp_data\etc\mono\2.0\Browsers">
      <UniqueIdentifier>{19f640ce-571f-4573-9798-0a51e578cabf}</UniqueIdentifier>
    </Filter>
    <Filter Include="Data\il2cpp_data\etc\mono\4.0">
      <UniqueIdentifier>{612b05ba-d7ba-4543-a84b-e0cfdadf5f5a}</UniqueIdentifier>
    </Filter>
    <Filter Include="Data\il2cpp_data\etc\mono\4.0\Browsers">
      <UniqueIdentifier>{a0df4ef5-77a4-4a3c-91e9-ec71780637bc}</UniqueIdentifier>
    </Filter>
    <Filter Include="Data\il2cpp_data\etc\mono\4.5">
      <UniqueIdentifier>{84877746-4b4f-44ac-ac6f-25ed3fd45f3a}</UniqueIdentifier>
    </Filter>
    <Filter Include="Data\il2cpp_data\etc\mono\4.5\Browsers">
      <UniqueIdentifier>{15401fd1-c65a-4455-a20e-39d9cea58b13}</UniqueIdentifier>
    </Filter>
    <Filter Include="Data\il2cpp_data\etc\mono\mconfig">
      <UniqueIdentifier>{898c753d-e13c-4dbe-8b58-a3ff3c559a51}</UniqueIdentifier>
    </Filter>
    <Filter Include="Data\il2cpp_data\Metadata">
      <UniqueIdentifier>{0a2ae836-5cc2-4ea0-9159-951495e59466}</UniqueIdentifier>
    </Filter>
    <Filter Include="Data\il2cpp_data\Resources">
      <UniqueIdentifier>{3288d91f-7c45-4e1a-9a6f-0e87e710b40d}</UniqueIdentifier>
    </Filter>
    <Filter Include="Data\Resources">
      <UniqueIdentifier>{4bca9d17-0198-469c-92da-4e46d066144d}</UniqueIdentifier>
    </Filter>
    <Filter Include="Data\il2cpp_data\etc">
      <UniqueIdentifier>{f67b5ac8-ee3e-46c2-9cdb-ad827c1dc62b}</UniqueIdentifier>
    </Filter>
    <Filter Include="Data\il2cpp_data">
      <UniqueIdentifier>{bb11d4b2-f61a-4c27-8153-8590f55e975c}</UniqueIdentifier>
    </Filter>
    <Resource Include="$(MSBuildThisFileDirectory)Resource.res" />
    <None Include="$(MSBuildThisFileDirectory)StoreManifest.xml" />
    <ClCompile Include="$(MSBuildThisFileDirectory)UnityGenerated.cpp" />
    <ClInclude Include="$(MSBuildThisFileDirectory)UnityGenerated.h" />
    <None Include="$(MSBuildThisFileDirectory)Data\boot.config">
      <Filter>Data</Filter>
    </None>
    <None Include="$(MSBuildThisFileDirectory)Data\globalgamemanagers">
      <Filter>Data</Filter>
    </None>
    <None Include="$(MSBuildThisFileDirectory)Data\globalgamemanagers.assets">
      <Filter>Data</Filter>
    </None>
    <None Include="$(MSBuildThisFileDirectory)Data\level0">
      <Filter>Data</Filter>
    </None>
    <None Include="$(MSBuildThisFileDirectory)Data\level0.resS">
      <Filter>Data</Filter>
    </None>
    <None Include="$(MSBuildThisFileDirectory)Data\level1">
      <Filter>Data</Filter>
    </None>
    <None Include="$(MSBuildThisFileDirectory)Data\level1.resS">
      <Filter>Data</Filter>
    </None>
    <None Include="$(MSBuildThisFileDirectory)Data\level2">
      <Filter>Data</Filter>
    </None>
    <None Include="$(MSBuildThisFileDirectory)Data\level2.resS">
      <Filter>Data</Filter>
    </None>
    <None Include="$(MSBuildThisFileDirectory)Data\level3">
      <Filter>Data</Filter>
    </None>
    <None Include="$(MSBuildThisFileDirectory)Data\level3.resS">
      <Filter>Data</Filter>
    </None>
    <None Include="$(MSBuildThisFileDirectory)Data\resources.assets">
      <Filter>Data</Filter>
    </None>
    <None Include="$(MSBuildThisFileDirectory)Data\resources.assets.resS">
      <Filter>Data</Filter>
    </None>
    <None Include="$(MSBuildThisFileDirectory)Data\RuntimeInitializeOnLoads.json">
      <Filter>Data</Filter>
    </None>
    <None Include="$(MSBuildThisFileDirectory)Data\ScriptingAssemblies.json">
      <Filter>Data</Filter>
    </None>
    <None Include="$(MSBuildThisFileDirectory)Data\sharedassets0.assets">
      <Filter>Data</Filter>
    </None>
    <None Include="$(MSBuildThisFileDirectory)Data\sharedassets0.assets.resS">
      <Filter>Data</Filter>
    </None>
    <None Include="$(MSBuildThisFileDirectory)Data\sharedassets1.assets">
      <Filter>Data</Filter>
    </None>
    <None Include="$(MSBuildThisFileDirectory)Data\sharedassets1.assets.resS">
      <Filter>Data</Filter>
    </None>
    <None Include="$(MSBuildThisFileDirectory)Data\sharedassets2.assets">
      <Filter>Data</Filter>
    </None>
    <None Include="$(MSBuildThisFileDirectory)Data\sharedassets3.assets">
      <Filter>Data</Filter>
    </None>
    <None Include="$(MSBuildThisFileDirectory)Data\sharedassets3.assets.resS">
      <Filter>Data</Filter>
    </None>
    <None Include="$(MSBuildThisFileDirectory)Data\il2cpp_data\etc\mono\browscap.ini">
      <Filter>Data\il2cpp_data\etc\mono</Filter>
    </None>
    <None Include="$(MSBuildThisFileDirectory)Data\il2cpp_data\etc\mono\config">
      <Filter>Data\il2cpp_data\etc\mono</Filter>
    </None>
    <None Include="$(MSBuildThisFileDirectory)Data\il2cpp_data\etc\mono\2.0\DefaultWsdlHelpGenerator.aspx">
      <Filter>Data\il2cpp_data\etc\mono\2.0</Filter>
    </None>
    <None Include="$(MSBuildThisFileDirectory)Data\il2cpp_data\etc\mono\2.0\machine.config">
      <Filter>Data\il2cpp_data\etc\mono\2.0</Filter>
    </None>
    <None Include="$(MSBuildThisFileDirectory)Data\il2cpp_data\etc\mono\2.0\settings.map">
      <Filter>Data\il2cpp_data\etc\mono\2.0</Filter>
    </None>
    <None Include="$(MSBuildThisFileDirectory)Data\il2cpp_data\etc\mono\2.0\web.config">
      <Filter>Data\il2cpp_data\etc\mono\2.0</Filter>
    </None>
    <None Include="$(MSBuildThisFileDirectory)Data\il2cpp_data\etc\mono\2.0\Browsers\Compat.browser">
      <Filter>Data\il2cpp_data\etc\mono\2.0\Browsers</Filter>
    </None>
    <None Include="$(MSBuildThisFileDirectory)Data\il2cpp_data\etc\mono\4.0\DefaultWsdlHelpGenerator.aspx">
      <Filter>Data\il2cpp_data\etc\mono\4.0</Filter>
    </None>
    <None Include="$(MSBuildThisFileDirectory)Data\il2cpp_data\etc\mono\4.0\machine.config">
      <Filter>Data\il2cpp_data\etc\mono\4.0</Filter>
    </None>
    <None Include="$(MSBuildThisFileDirectory)Data\il2cpp_data\etc\mono\4.0\settings.map">
      <Filter>Data\il2cpp_data\etc\mono\4.0</Filter>
    </None>
    <None Include="$(MSBuildThisFileDirectory)Data\il2cpp_data\etc\mono\4.0\web.config">
      <Filter>Data\il2cpp_data\etc\mono\4.0</Filter>
    </None>
    <None Include="$(MSBuildThisFileDirectory)Data\il2cpp_data\etc\mono\4.0\Browsers\Compat.browser">
      <Filter>Data\il2cpp_data\etc\mono\4.0\Browsers</Filter>
    </None>
    <None Include="$(MSBuildThisFileDirectory)Data\il2cpp_data\etc\mono\4.5\DefaultWsdlHelpGenerator.aspx">
      <Filter>Data\il2cpp_data\etc\mono\4.5</Filter>
    </None>
    <None Include="$(MSBuildThisFileDirectory)Data\il2cpp_data\etc\mono\4.5\machine.config">
      <Filter>Data\il2cpp_data\etc\mono\4.5</Filter>
    </None>
    <None Include="$(MSBuildThisFileDirectory)Data\il2cpp_data\etc\mono\4.5\settings.map">
      <Filter>Data\il2cpp_data\etc\mono\4.5</Filter>
    </None>
    <None Include="$(MSBuildThisFileDirectory)Data\il2cpp_data\etc\mono\4.5\web.config">
      <Filter>Data\il2cpp_data\etc\mono\4.5</Filter>
    </None>
    <None Include="$(MSBuildThisFileDirectory)Data\il2cpp_data\etc\mono\4.5\Browsers\Compat.browser">
      <Filter>Data\il2cpp_data\etc\mono\4.5\Browsers</Filter>
    </None>
    <None Include="$(MSBuildThisFileDirectory)Data\il2cpp_data\etc\mono\mconfig\config.xml">
      <Filter>Data\il2cpp_data\etc\mono\mconfig</Filter>
    </None>
    <None Include="$(MSBuildThisFileDirectory)Data\il2cpp_data\Metadata\global-metadata.dat">
      <Filter>Data\il2cpp_data\Metadata</Filter>
    </None>
    <None Include="$(MSBuildThisFileDirectory)Data\il2cpp_data\Resources\I18N.CJK.dll-resources.dat">
      <Filter>Data\il2cpp_data\Resources</Filter>
    </None>
    <None Include="$(MSBuildThisFileDirectory)Data\il2cpp_data\Resources\mscorlib.dll-resources.dat">
      <Filter>Data\il2cpp_data\Resources</Filter>
    </None>
    <None Include="$(MSBuildThisFileDirectory)Data\Resources\unity default resources">
      <Filter>Data\Resources</Filter>
    </None>
    <None Include="$(MSBuildThisFileDirectory)Data\Resources\unity_builtin_extra">
      <Filter>Data\Resources</Filter>
    </None>
  </ItemGroup>
  <ItemGroup>
    <None Include="$(OutDir)GameAssembly.dll" />
    <None Include="$(OutDir)GameAssembly.pdb" />
    <None Include="$(UnityWSAPlayerDir)Players\UAP\il2cpp\$(PlatformTarget)\$(UnityPlayerConfiguration)\baselib.dll" />
    <None Include="$(UnityWSAPlayerDir)Players\UAP\il2cpp\$(PlatformTarget)\$(UnityPlayerConfiguration)\baselib_UAP_$(PlatformTarget)_$(Configuration)_il2cpp.pdb" />
  </ItemGroup>
</Project>